// !$*UTF8*$!
{
	archiveVersion = 1;
	classes = {
	};
	objectVersion = 50;
	objects = {

/* Begin PBXBuildFile section */
		7224A1D0207CFF7D00D5D3CE /* AppDelegate.swift in Sources */ = {isa = PBXBuildFile; fileRef = 7224A1CF207CFF7D00D5D3CE /* AppDelegate.swift */; };
		7224A1D2207CFF7D00D5D3CE /* ViewController.swift in Sources */ = {isa = PBXBuildFile; fileRef = 7224A1D1207CFF7D00D5D3CE /* ViewController.swift */; };
		7224A1D5207CFF7D00D5D3CE /* Main.storyboard in Resources */ = {isa = PBXBuildFile; fileRef = 7224A1D3207CFF7D00D5D3CE /* Main.storyboard */; };
		7224A1D7207CFF7E00D5D3CE /* Assets.xcassets in Resources */ = {isa = PBXBuildFile; fileRef = 7224A1D6207CFF7E00D5D3CE /* Assets.xcassets */; };
		7224A1DA207CFF7E00D5D3CE /* LaunchScreen.storyboard in Resources */ = {isa = PBXBuildFile; fileRef = 7224A1D8207CFF7E00D5D3CE /* LaunchScreen.storyboard */; };
		7224A1E5207CFF7E00D5D3CE /* ZooAPpTests.swift in Sources */ = {isa = PBXBuildFile; fileRef = 7224A1E4207CFF7E00D5D3CE /* ZooAPpTests.swift */; };
		7224A1F0207CFF7E00D5D3CE /* ZooAPpUITests.swift in Sources */ = {isa = PBXBuildFile; fileRef = 7224A1EF207CFF7E00D5D3CE /* ZooAPpUITests.swift */; };
		7224A1FE207D0DCA00D5D3CE /* AnimalsCollectionViewController.swift in Sources */ = {isa = PBXBuildFile; fileRef = 7224A1FD207D0DCA00D5D3CE /* AnimalsCollectionViewController.swift */; };
		7224A200207D0E1700D5D3CE /* Animal.swift in Sources */ = {isa = PBXBuildFile; fileRef = 7224A1FF207D0E1700D5D3CE /* Animal.swift */; };
		7224A202207D10BF00D5D3CE /* Soundable.swift in Sources */ = {isa = PBXBuildFile; fileRef = 7224A201207D10BF00D5D3CE /* Soundable.swift */; };
		72EFD862207D126400976D55 /* AudioToolbox.framework in Frameworks */ = {isa = PBXBuildFile; fileRef = 72EFD861207D126400976D55 /* AudioToolbox.framework */; };
		72EFD86B207FAE9800976D55 /* cow.mp3 in Resources */ = {isa = PBXBuildFile; fileRef = 72EFD864207FAE9700976D55 /* cow.mp3 */; };
		72EFD86C207FAE9800976D55 /* dog.mp3 in Resources */ = {isa = PBXBuildFile; fileRef = 72EFD865207FAE9700976D55 /* dog.mp3 */; };
		72EFD86D207FAE9800976D55 /* cat.mp3 in Resources */ = {isa = PBXBuildFile; fileRef = 72EFD866207FAE9700976D55 /* cat.mp3 */; };
		72EFD86E207FAE9800976D55 /* jungle.mp3 in Resources */ = {isa = PBXBuildFile; fileRef = 72EFD867207FAE9800976D55 /* jungle.mp3 */; };
		72EFD86F207FAE9800976D55 /* rooster.mp3 in Resources */ = {isa = PBXBuildFile; fileRef = 72EFD868207FAE9800976D55 /* rooster.mp3 */; };
		72EFD870207FAE9800976D55 /* lion.mp3 in Resources */ = {isa = PBXBuildFile; fileRef = 72EFD869207FAE9800976D55 /* lion.mp3 */; };
		72EFD871207FAE9800976D55 /* elephant.mp3 in Resources */ = {isa = PBXBuildFile; fileRef = 72EFD86A207FAE9800976D55 /* elephant.mp3 */; };
		72EFD873207FAFB800976D55 /* AnimalCollectionViewCell.swift in Sources */ = {isa = PBXBuildFile; fileRef = 72EFD872207FAFB800976D55 /* AnimalCollectionViewCell.swift */; };
/* End PBXBuildFile section */

/* Begin PBXContainerItemProxy section */
		7224A1E1207CFF7E00D5D3CE /* PBXContainerItemProxy */ = {
			isa = PBXContainerItemProxy;
			containerPortal = 7224A1C4207CFF7D00D5D3CE /* Project object */;
			proxyType = 1;
			remoteGlobalIDString = 7224A1CB207CFF7D00D5D3CE;
			remoteInfo = ZooAPp;
		};
		7224A1EC207CFF7E00D5D3CE /* PBXContainerItemProxy */ = {
			isa = PBXContainerItemProxy;
			containerPortal = 7224A1C4207CFF7D00D5D3CE /* Project object */;
			proxyType = 1;
			remoteGlobalIDString = 7224A1CB207CFF7D00D5D3CE;
			remoteInfo = ZooAPp;
		};
/* End PBXContainerItemProxy section */

/* Begin PBXFileReference section */
		7224A1CC207CFF7D00D5D3CE /* ZooAPp.app */ = {isa = PBXFileReference; explicitFileType = wrapper.application; includeInIndex = 0; path = ZooAPp.app; sourceTree = BUILT_PRODUCTS_DIR; };
		7224A1CF207CFF7D00D5D3CE /* AppDelegate.swift */ = {isa = PBXFileReference; lastKnownFileType = sourcecode.swift; path = AppDelegate.swift; sourceTree = "<group>"; };
		7224A1D1207CFF7D00D5D3CE /* ViewController.swift */ = {isa = PBXFileReference; lastKnownFileType = sourcecode.swift; path = ViewController.swift; sourceTree = "<group>"; };
		7224A1D4207CFF7D00D5D3CE /* Base */ = {isa = PBXFileReference; lastKnownFileType = file.storyboard; name = Base; path = Base.lproj/Main.storyboard; sourceTree = "<group>"; };
		7224A1D6207CFF7E00D5D3CE /* Assets.xcassets */ = {isa = PBXFileReference; lastKnownFileType = folder.assetcatalog; path = Assets.xcassets; sourceTree = "<group>"; };
		7224A1D9207CFF7E00D5D3CE /* Base */ = {isa = PBXFileReference; lastKnownFileType = file.storyboard; name = Base; path = Base.lproj/LaunchScreen.storyboard; sourceTree = "<group>"; };
		7224A1DB207CFF7E00D5D3CE /* Info.plist */ = {isa = PBXFileReference; lastKnownFileType = text.plist.xml; path = Info.plist; sourceTree = "<group>"; };
		7224A1E0207CFF7E00D5D3CE /* ZooAPpTests.xctest */ = {isa = PBXFileReference; explicitFileType = wrapper.cfbundle; includeInIndex = 0; path = ZooAPpTests.xctest; sourceTree = BUILT_PRODUCTS_DIR; };
		7224A1E4207CFF7E00D5D3CE /* ZooAPpTests.swift */ = {isa = PBXFileReference; lastKnownFileType = sourcecode.swift; path = ZooAPpTests.swift; sourceTree = "<group>"; };
		7224A1E6207CFF7E00D5D3CE /* Info.plist */ = {isa = PBXFileReference; lastKnownFileType = text.plist.xml; path = Info.plist; sourceTree = "<group>"; };
		7224A1EB207CFF7E00D5D3CE /* ZooAPpUITests.xctest */ = {isa = PBXFileReference; explicitFileType = wrapper.cfbundle; includeInIndex = 0; path = ZooAPpUITests.xctest; sourceTree = BUILT_PRODUCTS_DIR; };
		7224A1EF207CFF7E00D5D3CE /* ZooAPpUITests.swift */ = {isa = PBXFileReference; lastKnownFileType = sourcecode.swift; path = ZooAPpUITests.swift; sourceTree = "<group>"; };
		7224A1F1207CFF7E00D5D3CE /* Info.plist */ = {isa = PBXFileReference; lastKnownFileType = text.plist.xml; path = Info.plist; sourceTree = "<group>"; };
		7224A1FD207D0DCA00D5D3CE /* AnimalsCollectionViewController.swift */ = {isa = PBXFileReference; lastKnownFileType = sourcecode.swift; path = AnimalsCollectionViewController.swift; sourceTree = "<group>"; };
		7224A1FF207D0E1700D5D3CE /* Animal.swift */ = {isa = PBXFileReference; lastKnownFileType = sourcecode.swift; path = Animal.swift; sourceTree = "<group>"; };
		7224A201207D10BF00D5D3CE /* Soundable.swift */ = {isa = PBXFileReference; lastKnownFileType = sourcecode.swift; path = Soundable.swift; sourceTree = "<group>"; };
		72EFD85F207D125B00976D55 /* libsqlite3.tbd */ = {isa = PBXFileReference; lastKnownFileType = "sourcecode.text-based-dylib-definition"; name = libsqlite3.tbd; path = usr/lib/libsqlite3.tbd; sourceTree = SDKROOT; };
		72EFD861207D126400976D55 /* AudioToolbox.framework */ = {isa = PBXFileReference; lastKnownFileType = wrapper.framework; name = AudioToolbox.framework; path = System/Library/Frameworks/AudioToolbox.framework; sourceTree = SDKROOT; };
		72EFD864207FAE9700976D55 /* cow.mp3 */ = {isa = PBXFileReference; lastKnownFileType = audio.mp3; path = cow.mp3; sourceTree = "<group>"; };
		72EFD865207FAE9700976D55 /* dog.mp3 */ = {isa = PBXFileReference; lastKnownFileType = audio.mp3; path = dog.mp3; sourceTree = "<group>"; };
		72EFD866207FAE9700976D55 /* cat.mp3 */ = {isa = PBXFileReference; lastKnownFileType = audio.mp3; path = cat.mp3; sourceTree = "<group>"; };
		72EFD867207FAE9800976D55 /* jungle.mp3 */ = {isa = PBXFileReference; lastKnownFileType = audio.mp3; path = jungle.mp3; sourceTree = "<group>"; };
		72EFD868207FAE9800976D55 /* rooster.mp3 */ = {isa = PBXFileReference; lastKnownFileType = audio.mp3; path = rooster.mp3; sourceTree = "<group>"; };
		72EFD869207FAE9800976D55 /* lion.mp3 */ = {isa = PBXFileReference; lastKnownFileType = audio.mp3; path = lion.mp3; sourceTree = "<group>"; };
		72EFD86A207FAE9800976D55 /* elephant.mp3 */ = {isa = PBXFileReference; lastKnownFileType = audio.mp3; path = elephant.mp3; sourceTree = "<group>"; };
		72EFD872207FAFB800976D55 /* AnimalCollectionViewCell.swift */ = {isa = PBXFileReference; lastKnownFileType = sourcecode.swift; path = AnimalCollectionViewCell.swift; sourceTree = "<group>"; };
/* End PBXFileReference section */

/* Begin PBXFrameworksBuildPhase section */
		7224A1C9207CFF7D00D5D3CE /* Frameworks */ = {
			isa = PBXFrameworksBuildPhase;
			buildActionMask = 2147483647;
			files = (
				72EFD862207D126400976D55 /* AudioToolbox.framework in Frameworks */,
			);
			runOnlyForDeploymentPostprocessing = 0;
		};
		7224A1DD207CFF7E00D5D3CE /* Frameworks */ = {
			isa = PBXFrameworksBuildPhase;
			buildActionMask = 2147483647;
			files = (
			);
			runOnlyForDeploymentPostprocessing = 0;
		};
		7224A1E8207CFF7E00D5D3CE /* Frameworks */ = {
			isa = PBXFrameworksBuildPhase;
			buildActionMask = 2147483647;
			files = (
			);
			runOnlyForDeploymentPostprocessing = 0;
		};
/* End PBXFrameworksBuildPhase section */

/* Begin PBXGroup section */
		7224A1C3207CFF7D00D5D3CE = {
			isa = PBXGroup;
			children = (
				7224A1CE207CFF7D00D5D3CE /* ZooApp */,
				7224A1E3207CFF7E00D5D3CE /* ZooAppTests */,
				7224A1EE207CFF7E00D5D3CE /* ZooAppUITests */,
				7224A1CD207CFF7D00D5D3CE /* Products */,
				72EFD85E207D125B00976D55 /* Frameworks */,
			);
			sourceTree = "<group>";
		};
		7224A1CD207CFF7D00D5D3CE /* Products */ = {
			isa = PBXGroup;
			children = (
				7224A1CC207CFF7D00D5D3CE /* ZooAPp.app */,
				7224A1E0207CFF7E00D5D3CE /* ZooAPpTests.xctest */,
				7224A1EB207CFF7E00D5D3CE /* ZooAPpUITests.xctest */,
			);
			name = Products;
			sourceTree = "<group>";
		};
		7224A1CE207CFF7D00D5D3CE /* ZooApp */ = {
			isa = PBXGroup;
			children = (
				72EFD863207FAE6400976D55 /* media */,
				7224A1CF207CFF7D00D5D3CE /* AppDelegate.swift */,
				7224A1D1207CFF7D00D5D3CE /* ViewController.swift */,
				7224A1D3207CFF7D00D5D3CE /* Main.storyboard */,
				7224A1D6207CFF7E00D5D3CE /* Assets.xcassets */,
				7224A1D8207CFF7E00D5D3CE /* LaunchScreen.storyboard */,
				7224A1DB207CFF7E00D5D3CE /* Info.plist */,
				7224A1FD207D0DCA00D5D3CE /* AnimalsCollectionViewController.swift */,
				7224A1FF207D0E1700D5D3CE /* Animal.swift */,
				7224A201207D10BF00D5D3CE /* Soundable.swift */,
				72EFD872207FAFB800976D55 /* AnimalCollectionViewCell.swift */,
			);
			path = ZooApp;
			sourceTree = "<group>";
		};
		7224A1E3207CFF7E00D5D3CE /* ZooAppTests */ = {
			isa = PBXGroup;
			children = (
				7224A1E4207CFF7E00D5D3CE /* ZooAPpTests.swift */,
				7224A1E6207CFF7E00D5D3CE /* Info.plist */,
			);
			path = ZooAppTests;
			sourceTree = "<group>";
		};
		7224A1EE207CFF7E00D5D3CE /* ZooAppUITests */ = {
			isa = PBXGroup;
			children = (
				7224A1EF207CFF7E00D5D3CE /* ZooAPpUITests.swift */,
				7224A1F1207CFF7E00D5D3CE /* Info.plist */,
			);
			path = ZooAppUITests;
			sourceTree = "<group>";
		};
		72EFD85E207D125B00976D55 /* Frameworks */ = {
			isa = PBXGroup;
			children = (
				72EFD861207D126400976D55 /* AudioToolbox.framework */,
				72EFD85F207D125B00976D55 /* libsqlite3.tbd */,
			);
			name = Frameworks;
			sourceTree = "<group>";
		};
		72EFD863207FAE6400976D55 /* media */ = {
			isa = PBXGroup;
			children = (
				72EFD86A207FAE9800976D55 /* elephant.mp3 */,
				72EFD868207FAE9800976D55 /* rooster.mp3 */,
				72EFD866207FAE9700976D55 /* cat.mp3 */,
				72EFD867207FAE9800976D55 /* jungle.mp3 */,
				72EFD869207FAE9800976D55 /* lion.mp3 */,
				72EFD865207FAE9700976D55 /* dog.mp3 */,
				72EFD864207FAE9700976D55 /* cow.mp3 */,
			);
			path = media;
			sourceTree = "<group>";
		};
/* End PBXGroup section */

/* Begin PBXNativeTarget section */
		7224A1CB207CFF7D00D5D3CE /* ZooAPp */ = {
			isa = PBXNativeTarget;
			buildConfigurationList = 7224A1F4207CFF7E00D5D3CE /* Build configuration list for PBXNativeTarget "ZooAPp" */;
			buildPhases = (
				7224A1C8207CFF7D00D5D3CE /* Sources */,
				7224A1C9207CFF7D00D5D3CE /* Frameworks */,
				7224A1CA207CFF7D00D5D3CE /* Resources */,
			);
			buildRules = (
			);
			dependencies = (
			);
			name = ZooAPp;
			productName = ZooAPp;
			productReference = 7224A1CC207CFF7D00D5D3CE /* ZooAPp.app */;
			productType = "com.apple.product-type.application";
		};
		7224A1DF207CFF7E00D5D3CE /* ZooAPpTests */ = {
			isa = PBXNativeTarget;
			buildConfigurationList = 7224A1F7207CFF7E00D5D3CE /* Build configuration list for PBXNativeTarget "ZooAPpTests" */;
			buildPhases = (
				7224A1DC207CFF7E00D5D3CE /* Sources */,
				7224A1DD207CFF7E00D5D3CE /* Frameworks */,
				7224A1DE207CFF7E00D5D3CE /* Resources */,
			);
			buildRules = (
			);
			dependencies = (
				7224A1E2207CFF7E00D5D3CE /* PBXTargetDependency */,
			);
			name = ZooAPpTests;
			productName = ZooAPpTests;
			productReference = 7224A1E0207CFF7E00D5D3CE /* ZooAPpTests.xctest */;
			productType = "com.apple.product-type.bundle.unit-test";
		};
		7224A1EA207CFF7E00D5D3CE /* ZooAPpUITests */ = {
			isa = PBXNativeTarget;
			buildConfigurationList = 7224A1FA207CFF7E00D5D3CE /* Build configuration list for PBXNativeTarget "ZooAPpUITests" */;
			buildPhases = (
				7224A1E7207CFF7E00D5D3CE /* Sources */,
				7224A1E8207CFF7E00D5D3CE /* Frameworks */,
				7224A1E9207CFF7E00D5D3CE /* Resources */,
			);
			buildRules = (
			);
			dependencies = (
				7224A1ED207CFF7E00D5D3CE /* PBXTargetDependency */,
			);
			name = ZooAPpUITests;
			productName = ZooAPpUITests;
			productReference = 7224A1EB207CFF7E00D5D3CE /* ZooAPpUITests.xctest */;
			productType = "com.apple.product-type.bundle.ui-testing";
		};
/* End PBXNativeTarget section */

/* Begin PBXProject section */
		7224A1C4207CFF7D00D5D3CE /* Project object */ = {
			isa = PBXProject;
			attributes = {
				LastSwiftUpdateCheck = 0930;
				LastUpgradeCheck = 0930;
				ORGANIZATIONNAME = "Daniel de la Lastra";
				TargetAttributes = {
					7224A1CB207CFF7D00D5D3CE = {
						CreatedOnToolsVersion = 9.3;
					};
					7224A1DF207CFF7E00D5D3CE = {
						CreatedOnToolsVersion = 9.3;
						TestTargetID = 7224A1CB207CFF7D00D5D3CE;
					};
					7224A1EA207CFF7E00D5D3CE = {
						CreatedOnToolsVersion = 9.3;
						TestTargetID = 7224A1CB207CFF7D00D5D3CE;
					};
				};
			};
			buildConfigurationList = 7224A1C7207CFF7D00D5D3CE /* Build configuration list for PBXProject "ZooApp" */;
			compatibilityVersion = "Xcode 9.3";
			developmentRegion = en;
			hasScannedForEncodings = 0;
			knownRegions = (
				en,
				Base,
			);
			mainGroup = 7224A1C3207CFF7D00D5D3CE;
			productRefGroup = 7224A1CD207CFF7D00D5D3CE /* Products */;
			projectDirPath = "";
			projectRoot = "";
			targets = (
				7224A1CB207CFF7D00D5D3CE /* ZooAPp */,
				7224A1DF207CFF7E00D5D3CE /* ZooAPpTests */,
				7224A1EA207CFF7E00D5D3CE /* ZooAPpUITests */,
			);
		};
/* End PBXProject section */

/* Begin PBXResourcesBuildPhase section */
		7224A1CA207CFF7D00D5D3CE /* Resources */ = {
			isa = PBXResourcesBuildPhase;
			buildActionMask = 2147483647;
			files = (
				7224A1DA207CFF7E00D5D3CE /* LaunchScreen.storyboard in Resources */,
				72EFD86E207FAE9800976D55 /* jungle.mp3 in Resources */,
				72EFD870207FAE9800976D55 /* lion.mp3 in Resources */,
				72EFD86B207FAE9800976D55 /* cow.mp3 in Resources */,
				72EFD86C207FAE9800976D55 /* dog.mp3 in Resources */,
				7224A1D7207CFF7E00D5D3CE /* Assets.xcassets in Resources */,
				7224A1D5207CFF7D00D5D3CE /* Main.storyboard in Resources */,
				72EFD86F207FAE9800976D55 /* rooster.mp3 in Resources */,
				72EFD871207FAE9800976D55 /* elephant.mp3 in Resources */,
				72EFD86D207FAE9800976D55 /* cat.mp3 in Resources */,
			);
			runOnlyForDeploymentPostprocessing = 0;
		};
		7224A1DE207CFF7E00D5D3CE /* Resources */ = {
			isa = PBXResourcesBuildPhase;
			buildActionMask = 2147483647;
			files = (
			);
			runOnlyForDeploymentPostprocessing = 0;
		};
		7224A1E9207CFF7E00D5D3CE /* Resources */ = {
			isa = PBXResourcesBuildPhase;
			buildActionMask = 2147483647;
			files = (
			);
			runOnlyForDeploymentPostprocessing = 0;
		};
/* End PBXResourcesBuildPhase section */

/* Begin PBXSourcesBuildPhase section */
		7224A1C8207CFF7D00D5D3CE /* Sources */ = {
			isa = PBXSourcesBuildPhase;
			buildActionMask = 2147483647;
			files = (
				7224A1FE207D0DCA00D5D3CE /* AnimalsCollectionViewController.swift in Sources */,
				7224A200207D0E1700D5D3CE /* Animal.swift in Sources */,
				72EFD873207FAFB800976D55 /* AnimalCollectionViewCell.swift in Sources */,
				7224A1D2207CFF7D00D5D3CE /* ViewController.swift in Sources */,
				7224A1D0207CFF7D00D5D3CE /* AppDelegate.swift in Sources */,
				7224A202207D10BF00D5D3CE /* Soundable.swift in Sources */,
			);
			runOnlyForDeploymentPostprocessing = 0;
		};
		7224A1DC207CFF7E00D5D3CE /* Sources */ = {
			isa = PBXSourcesBuildPhase;
			buildActionMask = 2147483647;
			files = (
				7224A1E5207CFF7E00D5D3CE /* ZooAPpTests.swift in Sources */,
			);
			runOnlyForDeploymentPostprocessing = 0;
		};
		7224A1E7207CFF7E00D5D3CE /* Sources */ = {
			isa = PBXSourcesBuildPhase;
			buildActionMask = 2147483647;
			files = (
				7224A1F0207CFF7E00D5D3CE /* ZooAPpUITests.swift in Sources */,
			);
			runOnlyForDeploymentPostprocessing = 0;
		};
/* End PBXSourcesBuildPhase section */

/* Begin PBXTargetDependency section */
		7224A1E2207CFF7E00D5D3CE /* PBXTargetDependency */ = {
			isa = PBXTargetDependency;
			target = 7224A1CB207CFF7D00D5D3CE /* ZooAPp */;
			targetProxy = 7224A1E1207CFF7E00D5D3CE /* PBXContainerItemProxy */;
		};
		7224A1ED207CFF7E00D5D3CE /* PBXTargetDependency */ = {
			isa = PBXTargetDependency;
			target = 7224A1CB207CFF7D00D5D3CE /* ZooAPp */;
			targetProxy = 7224A1EC207CFF7E00D5D3CE /* PBXContainerItemProxy */;
		};
/* End PBXTargetDependency section */

/* Begin PBXVariantGroup section */
		7224A1D3207CFF7D00D5D3CE /* Main.storyboard */ = {
			isa = PBXVariantGroup;
			children = (
				7224A1D4207CFF7D00D5D3CE /* Base */,
			);
			name = Main.storyboard;
			sourceTree = "<group>";
		};
		7224A1D8207CFF7E00D5D3CE /* LaunchScreen.storyboard */ = {
			isa = PBXVariantGroup;
			children = (
				7224A1D9207CFF7E00D5D3CE /* Base */,
			);
			name = LaunchScreen.storyboard;
			sourceTree = "<group>";
		};
/* End PBXVariantGroup section */

/* Begin XCBuildConfiguration section */
		7224A1F2207CFF7E00D5D3CE /* Debug */ = {
			isa = XCBuildConfiguration;
			buildSettings = {
				ALWAYS_SEARCH_USER_PATHS = NO;
				CLANG_ANALYZER_NONNULL = YES;
				CLANG_ANALYZER_NUMBER_OBJECT_CONVERSION = YES_AGGRESSIVE;
				CLANG_CXX_LANGUAGE_STANDARD = "gnu++14";
				CLANG_CXX_LIBRARY = "libc++";
				CLANG_ENABLE_MODULES = YES;
				CLANG_ENABLE_OBJC_ARC = YES;
				CLANG_ENABLE_OBJC_WEAK = YES;
				CLANG_WARN_BLOCK_CAPTURE_AUTORELEASING = YES;
				CLANG_WARN_BOOL_CONVERSION = YES;
				CLANG_WARN_COMMA = YES;
				CLANG_WARN_CONSTANT_CONVERSION = YES;
				CLANG_WARN_DEPRECATED_OBJC_IMPLEMENTATIONS = YES;
				CLANG_WARN_DIRECT_OBJC_ISA_USAGE = YES_ERROR;
				CLANG_WARN_DOCUMENTATION_COMMENTS = YES;
				CLANG_WARN_EMPTY_BODY = YES;
				CLANG_WARN_ENUM_CONVERSION = YES;
				CLANG_WARN_INFINITE_RECURSION = YES;
				CLANG_WARN_INT_CONVERSION = YES;
				CLANG_WARN_NON_LITERAL_NULL_CONVERSION = YES;
				CLANG_WARN_OBJC_IMPLICIT_RETAIN_SELF = YES;
				CLANG_WARN_OBJC_LITERAL_CONVERSION = YES;
				CLANG_WARN_OBJC_ROOT_CLASS = YES_ERROR;
				CLANG_WARN_RANGE_LOOP_ANALYSIS = YES;
				CLANG_WARN_STRICT_PROTOTYPES = YES;
				CLANG_WARN_SUSPICIOUS_MOVE = YES;
				CLANG_WARN_UNGUARDED_AVAILABILITY = YES_AGGRESSIVE;
				CLANG_WARN_UNREACHABLE_CODE = YES;
				CLANG_WARN__DUPLICATE_METHOD_MATCH = YES;
				CODE_SIGN_IDENTITY = "iPhone Developer";
				COPY_PHASE_STRIP = NO;
				DEBUG_INFORMATION_FORMAT = dwarf;
				ENABLE_STRICT_OBJC_MSGSEND = YES;
				ENABLE_TESTABILITY = YES;
				GCC_C_LANGUAGE_STANDARD = gnu11;
				GCC_DYNAMIC_NO_PIC = NO;
				GCC_NO_COMMON_BLOCKS = YES;
				GCC_OPTIMIZATION_LEVEL = 0;
				GCC_PREPROCESSOR_DEFINITIONS = (
					"DEBUG=1",
					"$(inherited)",
				);
				GCC_WARN_64_TO_32_BIT_CONVERSION = YES;
				GCC_WARN_ABOUT_RETURN_TYPE = YES_ERROR;
				GCC_WARN_UNDECLARED_SELECTOR = YES;
				GCC_WARN_UNINITIALIZED_AUTOS = YES_AGGRESSIVE;
				GCC_WARN_UNUSED_FUNCTION = YES;
				GCC_WARN_UNUSED_VARIABLE = YES;
				IPHONEOS_DEPLOYMENT_TARGET = 11.3;
				MTL_ENABLE_DEBUG_INFO = YES;
				ONLY_ACTIVE_ARCH = YES;
				SDKROOT = iphoneos;
				SWIFT_ACTIVE_COMPILATION_CONDITIONS = DEBUG;
				SWIFT_OPTIMIZATION_LEVEL = "-Onone";
			};
			name = Debug;
		};
		7224A1F3207CFF7E00D5D3CE /* Release */ = {
			isa = XCBuildConfiguration;
			buildSettings = {
				ALWAYS_SEARCH_USER_PATHS = NO;
				CLANG_ANALYZER_NONNULL = YES;
				CLANG_ANALYZER_NUMBER_OBJECT_CONVERSION = YES_AGGRESSIVE;
				CLANG_CXX_LANGUAGE_STANDARD = "gnu++14";
				CLANG_CXX_LIBRARY = "libc++";
				CLANG_ENABLE_MODULES = YES;
				CLANG_ENABLE_OBJC_ARC = YES;
				CLANG_ENABLE_OBJC_WEAK = YES;
				CLANG_WARN_BLOCK_CAPTURE_AUTORELEASING = YES;
				CLANG_WARN_BOOL_CONVERSION = YES;
				CLANG_WARN_COMMA = YES;
				CLANG_WARN_CONSTANT_CONVERSION = YES;
				CLANG_WARN_DEPRECATED_OBJC_IMPLEMENTATIONS = YES;
				CLANG_WARN_DIRECT_OBJC_ISA_USAGE = YES_ERROR;
				CLANG_WARN_DOCUMENTATION_COMMENTS = YES;
				CLANG_WARN_EMPTY_BODY = YES;
				CLANG_WARN_ENUM_CONVERSION = YES;
				CLANG_WARN_INFINITE_RECURSION = YES;
				CLANG_WARN_INT_CONVERSION = YES;
				CLANG_WARN_NON_LITERAL_NULL_CONVERSION = YES;
				CLANG_WARN_OBJC_IMPLICIT_RETAIN_SELF = YES;
				CLANG_WARN_OBJC_LITERAL_CONVERSION = YES;
				CLANG_WARN_OBJC_ROOT_CLASS = YES_ERROR;
				CLANG_WARN_RANGE_LOOP_ANALYSIS = YES;
				CLANG_WARN_STRICT_PROTOTYPES = YES;
				CLANG_WARN_SUSPICIOUS_MOVE = YES;
				CLANG_WARN_UNGUARDED_AVAILABILITY = YES_AGGRESSIVE;
				CLANG_WARN_UNREACHABLE_CODE = YES;
				CLANG_WARN__DUPLICATE_METHOD_MATCH = YES;
				CODE_SIGN_IDENTITY = "iPhone Developer";
				COPY_PHASE_STRIP = NO;
				DEBUG_INFORMATION_FORMAT = "dwarf-with-dsym";
				ENABLE_NS_ASSERTIONS = NO;
				ENABLE_STRICT_OBJC_MSGSEND = YES;
				GCC_C_LANGUAGE_STANDARD = gnu11;
				GCC_NO_COMMON_BLOCKS = YES;
				GCC_WARN_64_TO_32_BIT_CONVERSION = YES;
				GCC_WARN_ABOUT_RETURN_TYPE = YES_ERROR;
				GCC_WARN_UNDECLARED_SELECTOR = YES;
				GCC_WARN_UNINITIALIZED_AUTOS = YES_AGGRESSIVE;
				GCC_WARN_UNUSED_FUNCTION = YES;
				GCC_WARN_UNUSED_VARIABLE = YES;
				IPHONEOS_DEPLOYMENT_TARGET = 11.3;
				MTL_ENABLE_DEBUG_INFO = NO;
				SDKROOT = iphoneos;
				SWIFT_COMPILATION_MODE = wholemodule;
				SWIFT_OPTIMIZATION_LEVEL = "-O";
				VALIDATE_PRODUCT = YES;
			};
			name = Release;
		};
		7224A1F5207CFF7E00D5D3CE /* Debug */ = {
			isa = XCBuildConfiguration;
			buildSettings = {
				ASSETCATALOG_COMPILER_APPICON_NAME = AppIcon;
				CODE_SIGN_STYLE = Automatic;
				INFOPLIST_FILE = ZooAPp/Info.plist;
				LD_RUNPATH_SEARCH_PATHS = (
					"$(inherited)",
					"@executable_path/Frameworks",
				);
				PRODUCT_BUNDLE_IDENTIFIER = Salle.ZooApp;
				PRODUCT_NAME = "$(TARGET_NAME)";
				SWIFT_VERSION = 4.0;
				TARGETED_DEVICE_FAMILY = "1,2";
			};
			name = Debug;
		};
		7224A1F6207CFF7E00D5D3CE /* Release */ = {
			isa = XCBuildConfiguration;
			buildSettings = {
				ASSETCATALOG_COMPILER_APPICON_NAME = AppIcon;
				CODE_SIGN_STYLE = Automatic;
				INFOPLIST_FILE = ZooAPp/Info.plist;
				LD_RUNPATH_SEARCH_PATHS = (
					"$(inherited)",
					"@executable_path/Frameworks",
				);
				PRODUCT_BUNDLE_IDENTIFIER = Salle.ZooApp;
				PRODUCT_NAME = "$(TARGET_NAME)";
				SWIFT_VERSION = 4.0;
				TARGETED_DEVICE_FAMILY = "1,2";
			};
			name = Release;
		};
		7224A1F8207CFF7E00D5D3CE /* Debug */ = {
			isa = XCBuildConfiguration;
			buildSettings = {
				ALWAYS_EMBED_SWIFT_STANDARD_LIBRARIES = YES;
				BUNDLE_LOADER = "$(TEST_HOST)";
				CODE_SIGN_STYLE = Automatic;
				INFOPLIST_FILE = ZooAPpTests/Info.plist;
				LD_RUNPATH_SEARCH_PATHS = (
					"$(inherited)",
					"@executable_path/Frameworks",
					"@loader_path/Frameworks",
				);
				PRODUCT_BUNDLE_IDENTIFIER = Salle.ZooAPpTests;
				PRODUCT_NAME = "$(TARGET_NAME)";
				SWIFT_VERSION = 4.0;
				TARGETED_DEVICE_FAMILY = "1,2";
				TEST_HOST = "$(BUILT_PRODUCTS_DIR)/ZooApp.temp_caseinsensitive_rename.app/ZooApp.temp_caseinsensitive_rename";
			};
			name = Debug;
		};
		7224A1F9207CFF7E00D5D3CE /* Release */ = {
			isa = XCBuildConfiguration;
			buildSettings = {
				ALWAYS_EMBED_SWIFT_STANDARD_LIBRARIES = YES;
				BUNDLE_LOADER = "$(TEST_HOST)";
				CODE_SIGN_STYLE = Automatic;
				INFOPLIST_FILE = ZooAPpTests/Info.plist;
				LD_RUNPATH_SEARCH_PATHS = (
					"$(inherited)",
					"@executable_path/Frameworks",
					"@loader_path/Frameworks",
				);
				PRODUCT_BUNDLE_IDENTIFIER = Salle.ZooAPpTests;
				PRODUCT_NAME = "$(TARGET_NAME)";
				SWIFT_VERSION = 4.0;
				TARGETED_DEVICE_FAMILY = "1,2";
				TEST_HOST = "$(BUILT_PRODUCTS_DIR)/ZooApp.temp_caseinsensitive_rename.app/ZooApp.temp_caseinsensitive_rename";
			};
			name = Release;
		};
		7224A1FB207CFF7E00D5D3CE /* Debug */ = {
			isa = XCBuildConfiguration;
			buildSettings = {
				ALWAYS_EMBED_SWIFT_STANDARD_LIBRARIES = YES;
				CODE_SIGN_STYLE = Automatic;
				INFOPLIST_FILE = ZooAPpUITests/Info.plist;
				LD_RUNPATH_SEARCH_PATHS = (
					"$(inherited)",
					"@executable_path/Frameworks",
					"@loader_path/Frameworks",
				);
				PRODUCT_BUNDLE_IDENTIFIER = Salle.ZooAPpUITests;
				PRODUCT_NAME = "$(TARGET_NAME)";
				SWIFT_VERSION = 4.0;
				TARGETED_DEVICE_FAMILY = "1,2";
				TEST_TARGET_NAME = ZooAPp;
			};
			name = Debug;
		};
		7224A1FC207CFF7E00D5D3CE /* Release */ = {
			isa = XCBuildConfiguration;
			buildSettings = {
				ALWAYS_EMBED_SWIFT_STANDARD_LIBRARIES = YES;
				CODE_SIGN_STYLE = Automatic;
				INFOPLIST_FILE = ZooAPpUITests/Info.plist;
				LD_RUNPATH_SEARCH_PATHS = (
					"$(inherited)",
					"@executable_path/Frameworks",
					"@loader_path/Frameworks",
				);
				PRODUCT_BUNDLE_IDENTIFIER = Salle.ZooAPpUITests;
				PRODUCT_NAME = "$(TARGET_NAME)";
				SWIFT_VERSION = 4.0;
				TARGETED_DEVICE_FAMILY = "1,2";
				TEST_TARGET_NAME = ZooAPp;
			};
			name = Release;
		};
/* End XCBuildConfiguration section */

/* Begin XCConfigurationList section */
		7224A1C7207CFF7D00D5D3CE /* Build configuration list for PBXProject "ZooApp" */ = {
			isa = XCConfigurationList;
			buildConfigurations = (
				7224A1F2207CFF7E00D5D3CE /* Debug */,
				7224A1F3207CFF7E00D5D3CE /* Release */,
			);
			defaultConfigurationIsVisible = 0;
			defaultConfigurationName = Release;
		};
		7224A1F4207CFF7E00D5D3CE /* Build configuration list for PBXNativeTarget "ZooAPp" */ = {
			isa = XCConfigurationList;
			buildConfigurations = (
				7224A1F5207CFF7E00D5D3CE /* Debug */,
				7224A1F6207CFF7E00D5D3CE /* Release */,
			);
			defaultConfigurationIsVisible = 0;
			defaultConfigurationName = Release;
		};
		7224A1F7207CFF7E00D5D3CE /* Build configuration list for PBXNativeTarget "ZooAPpTests" */ = {
			isa = XCConfigurationList;
			buildConfigurations = (
				7224A1F8207CFF7E00D5D3CE /* Debug */,
				7224A1F9207CFF7E00D5D3CE /* Release */,
			);
			defaultConfigurationIsVisible = 0;
			defaultConfigurationName = Release;
		};
		7224A1FA207CFF7E00D5D3CE /* Build configuration list for PBXNativeTarget "ZooAPpUITests" */ = {
			isa = XCConfigurationList;
			buildConfigurations = (
				7224A1FB207CFF7E00D5D3CE /* Debug */,
				7224A1FC207CFF7E00D5D3CE /* Release */,
			);
			defaultConfigurationIsVisible = 0;
			defaultConfigurationName = Release;
		};
/* End XCConfigurationList section */
	};
	rootObject = 7224A1C4207CFF7D00D5D3CE /* Project object */;
}
